// !$*UTF8*$!
{
	archiveVersion = 1;
	classes = {
	};
	objectVersion = 55;
	objects = {

/* Begin PBXBuildFile section */
		0B7277622858B06D004B43D3 /* AppDelegate.swift in Sources */ = {isa = PBXBuildFile; fileRef = 0B7277612858B06D004B43D3 /* AppDelegate.swift */; };
		0B7277642858B06D004B43D3 /* SceneDelegate.swift in Sources */ = {isa = PBXBuildFile; fileRef = 0B7277632858B06D004B43D3 /* SceneDelegate.swift */; };
		0B7277692858B06D004B43D3 /* Main.storyboard in Resources */ = {isa = PBXBuildFile; fileRef = 0B7277672858B06D004B43D3 /* Main.storyboard */; };
		0B72776B2858B06D004B43D3 /* Assets.xcassets in Resources */ = {isa = PBXBuildFile; fileRef = 0B72776A2858B06D004B43D3 /* Assets.xcassets */; };
		0B72776E2858B06D004B43D3 /* LaunchScreen.storyboard in Resources */ = {isa = PBXBuildFile; fileRef = 0B72776C2858B06D004B43D3 /* LaunchScreen.storyboard */; };
		0B7277762858B191004B43D3 /* MyTableViewController.swift in Sources */ = {isa = PBXBuildFile; fileRef = 0B7277752858B191004B43D3 /* MyTableViewController.swift */; };
		0B72777F285A9466004B43D3 /* Entry.swift in Sources */ = {isa = PBXBuildFile; fileRef = 0B72777E285A9466004B43D3 /* Entry.swift */; };
		0B727781285A94A8004B43D3 /* EntryType.swift in Sources */ = {isa = PBXBuildFile; fileRef = 0B727780285A94A8004B43D3 /* EntryType.swift */; };
		0B72778B285AB2AD004B43D3 /* EntryTableViewCell.swift in Sources */ = {isa = PBXBuildFile; fileRef = 0B72778A285AB2AD004B43D3 /* EntryTableViewCell.swift */; };
		0B72778D285AB2C2004B43D3 /* EntryTableViewCell.xib in Resources */ = {isa = PBXBuildFile; fileRef = 0B72778C285AB2C2004B43D3 /* EntryTableViewCell.xib */; };
/* End PBXBuildFile section */

/* Begin PBXFileReference section */
		0B72775E2858B06D004B43D3 /* MyTableViewController.app */ = {isa = PBXFileReference; explicitFileType = wrapper.application; includeInIndex = 0; path = MyTableViewController.app; sourceTree = BUILT_PRODUCTS_DIR; };
		0B7277612858B06D004B43D3 /* AppDelegate.swift */ = {isa = PBXFileReference; lastKnownFileType = sourcecode.swift; path = AppDelegate.swift; sourceTree = "<group>"; };
		0B7277632858B06D004B43D3 /* SceneDelegate.swift */ = {isa = PBXFileReference; lastKnownFileType = sourcecode.swift; path = SceneDelegate.swift; sourceTree = "<group>"; };
		0B7277682858B06D004B43D3 /* Base */ = {isa = PBXFileReference; lastKnownFileType = file.storyboard; name = Base; path = Base.lproj/Main.storyboard; sourceTree = "<group>"; };
		0B72776A2858B06D004B43D3 /* Assets.xcassets */ = {isa = PBXFileReference; lastKnownFileType = folder.assetcatalog; path = Assets.xcassets; sourceTree = "<group>"; };
		0B72776D2858B06D004B43D3 /* Base */ = {isa = PBXFileReference; lastKnownFileType = file.storyboard; name = Base; path = Base.lproj/LaunchScreen.storyboard; sourceTree = "<group>"; };
		0B72776F2858B06D004B43D3 /* Info.plist */ = {isa = PBXFileReference; lastKnownFileType = text.plist.xml; path = Info.plist; sourceTree = "<group>"; };
		0B7277752858B191004B43D3 /* MyTableViewController.swift */ = {isa = PBXFileReference; lastKnownFileType = sourcecode.swift; path = MyTableViewController.swift; sourceTree = "<group>"; };
		0B72777E285A9466004B43D3 /* Entry.swift */ = {isa = PBXFileReference; lastKnownFileType = sourcecode.swift; path = Entry.swift; sourceTree = "<group>"; };
		0B727780285A94A8004B43D3 /* EntryType.swift */ = {isa = PBXFileReference; lastKnownFileType = sourcecode.swift; path = EntryType.swift; sourceTree = "<group>"; };
		0B72778A285AB2AD004B43D3 /* EntryTableViewCell.swift */ = {isa = PBXFileReference; lastKnownFileType = sourcecode.swift; path = EntryTableViewCell.swift; sourceTree = "<group>"; };
		0B72778C285AB2C2004B43D3 /* EntryTableViewCell.xib */ = {isa = PBXFileReference; lastKnownFileType = file.xib; path = EntryTableViewCell.xib; sourceTree = "<group>"; };
/* End PBXFileReference section */

/* Begin PBXFrameworksBuildPhase section */
		0B72775B2858B06D004B43D3 /* Frameworks */ = {
			isa = PBXFrameworksBuildPhase;
			buildActionMask = 2147483647;
			files = (
			);
			runOnlyForDeploymentPostprocessing = 0;
		};
/* End PBXFrameworksBuildPhase section */

/* Begin PBXGroup section */
		0B7277552858B06D004B43D3 = {
			isa = PBXGroup;
			children = (
				0B7277602858B06D004B43D3 /* MyTableViewController */,
				0B72775F2858B06D004B43D3 /* Products */,
			);
			sourceTree = "<group>";
		};
		0B72775F2858B06D004B43D3 /* Products */ = {
			isa = PBXGroup;
			children = (
				0B72775E2858B06D004B43D3 /* MyTableViewController.app */,
			);
			name = Products;
			sourceTree = "<group>";
		};
		0B7277602858B06D004B43D3 /* MyTableViewController */ = {
			isa = PBXGroup;
			children = (
				0B727782285A94D4004B43D3 /* View */,
				0B72777D285A9446004B43D3 /* Model */,
				0B7277612858B06D004B43D3 /* AppDelegate.swift */,
				0B7277632858B06D004B43D3 /* SceneDelegate.swift */,
				0B7277672858B06D004B43D3 /* Main.storyboard */,
				0B72776A2858B06D004B43D3 /* Assets.xcassets */,
				0B72776C2858B06D004B43D3 /* LaunchScreen.storyboard */,
				0B72776F2858B06D004B43D3 /* Info.plist */,
				0B7277752858B191004B43D3 /* MyTableViewController.swift */,
			);
			path = MyTableViewController;
			sourceTree = "<group>";
		};
		0B72777D285A9446004B43D3 /* Model */ = {
			isa = PBXGroup;
			children = (
				0B72777E285A9466004B43D3 /* Entry.swift */,
				0B727780285A94A8004B43D3 /* EntryType.swift */,
			);
			path = Model;
			sourceTree = "<group>";
		};
		0B727782285A94D4004B43D3 /* View */ = {
			isa = PBXGroup;
			children = (
				0B727789285AB298004B43D3 /* EntryTableViewCell */,
			);
			path = View;
			sourceTree = "<group>";
		};
		0B727789285AB298004B43D3 /* EntryTableViewCell */ = {
			isa = PBXGroup;
			children = (
				0B72778A285AB2AD004B43D3 /* EntryTableViewCell.swift */,
				0B72778C285AB2C2004B43D3 /* EntryTableViewCell.xib */,
			);
			path = EntryTableViewCell;
			sourceTree = "<group>";
		};
/* End PBXGroup section */

/* Begin PBXNativeTarget section */
		0B72775D2858B06D004B43D3 /* MyTableViewController */ = {
			isa = PBXNativeTarget;
			buildConfigurationList = 0B7277722858B06D004B43D3 /* Build configuration list for PBXNativeTarget "MyTableViewController" */;
			buildPhases = (
				0B72775A2858B06D004B43D3 /* Sources */,
				0B72775B2858B06D004B43D3 /* Frameworks */,
				0B72775C2858B06D004B43D3 /* Resources */,
			);
			buildRules = (
			);
			dependencies = (
			);
			name = MyTableViewController;
			productName = MyTableViewController;
			productReference = 0B72775E2858B06D004B43D3 /* MyTableViewController.app */;
			productType = "com.apple.product-type.application";
		};
/* End PBXNativeTarget section */

/* Begin PBXProject section */
		0B7277562858B06D004B43D3 /* Project object */ = {
			isa = PBXProject;
			attributes = {
				BuildIndependentTargetsInParallel = 1;
				LastSwiftUpdateCheck = 1330;
				LastUpgradeCheck = 1330;
				TargetAttributes = {
					0B72775D2858B06D004B43D3 = {
						CreatedOnToolsVersion = 13.3;
					};
				};
			};
			buildConfigurationList = 0B7277592858B06D004B43D3 /* Build configuration list for PBXProject "MyTableViewController" */;
			compatibilityVersion = "Xcode 13.0";
			developmentRegion = en;
			hasScannedForEncodings = 0;
			knownRegions = (
				en,
				Base,
			);
			mainGroup = 0B7277552858B06D004B43D3;
			productRefGroup = 0B72775F2858B06D004B43D3 /* Products */;
			projectDirPath = "";
			projectRoot = "";
			targets = (
				0B72775D2858B06D004B43D3 /* MyTableViewController */,
			);
		};
/* End PBXProject section */

/* Begin PBXResourcesBuildPhase section */
		0B72775C2858B06D004B43D3 /* Resources */ = {
			isa = PBXResourcesBuildPhase;
			buildActionMask = 2147483647;
			files = (
				0B72778D285AB2C2004B43D3 /* EntryTableViewCell.xib in Resources */,
				0B72776E2858B06D004B43D3 /* LaunchScreen.storyboard in Resources */,
				0B72776B2858B06D004B43D3 /* Assets.xcassets in Resources */,
				0B7277692858B06D004B43D3 /* Main.storyboard in Resources */,
			);
			runOnlyForDeploymentPostprocessing = 0;
		};
/* End PBXResourcesBuildPhase section */

/* Begin PBXSourcesBuildPhase section */
		0B72775A2858B06D004B43D3 /* Sources */ = {
			isa = PBXSourcesBuildPhase;
			buildActionMask = 2147483647;
			files = (
				0B72778B285AB2AD004B43D3 /* EntryTableViewCell.swift in Sources */,
				0B727781285A94A8004B43D3 /* EntryType.swift in Sources */,
				0B72777F285A9466004B43D3 /* Entry.swift in Sources */,
				0B7277622858B06D004B43D3 /* AppDelegate.swift in Sources */,
				0B7277642858B06D004B43D3 /* SceneDelegate.swift in Sources */,
				0B7277762858B191004B43D3 /* MyTableViewController.swift in Sources */,
			);
			runOnlyForDeploymentPostprocessing = 0;
		};
/* End PBXSourcesBuildPhase section */

/* Begin PBXVariantGroup section */
		0B7277672858B06D004B43D3 /* Main.storyboard */ = {
			isa = PBXVariantGroup;
			children = (
				0B7277682858B06D004B43D3 /* Base */,
			);
			name = Main.storyboard;
			sourceTree = "<group>";
		};
		0B72776C2858B06D004B43D3 /* LaunchScreen.storyboard */ = {
			isa = PBXVariantGroup;
			children = (
				0B72776D2858B06D004B43D3 /* Base */,
			);
			name = LaunchScreen.storyboard;
			sourceTree = "<group>";
		};
/* End PBXVariantGroup section */

/* Begin XCBuildConfiguration section */
		0B7277702858B06D004B43D3 /* Debug */ = {
			isa = XCBuildConfiguration;
			buildSettings = {
				ALWAYS_SEARCH_USER_PATHS = NO;
				CLANG_ANALYZER_NONNULL = YES;
				CLANG_ANALYZER_NUMBER_OBJECT_CONVERSION = YES_AGGRESSIVE;
				CLANG_CXX_LANGUAGE_STANDARD = "gnu++17";
				CLANG_ENABLE_MODULES = YES;
				CLANG_ENABLE_OBJC_ARC = YES;
				CLANG_ENABLE_OBJC_WEAK = YES;
				CLANG_WARN_BLOCK_CAPTURE_AUTORELEASING = YES;
				CLANG_WARN_BOOL_CONVERSION = YES;
				CLANG_WARN_COMMA = YES;
				CLANG_WARN_CONSTANT_CONVERSION = YES;
				CLANG_WARN_DEPRECATED_OBJC_IMPLEMENTATIONS = YES;
				CLANG_WARN_DIRECT_OBJC_ISA_USAGE = YES_ERROR;
				CLANG_WARN_DOCUMENTATION_COMMENTS = YES;
				CLANG_WARN_EMPTY_BODY = YES;
				CLANG_WARN_ENUM_CONVERSION = YES;
				CLANG_WARN_INFINITE_RECURSION = YES;
				CLANG_WARN_INT_CONVERSION = YES;
				CLANG_WARN_NON_LITERAL_NULL_CONVERSION = YES;
				CLANG_WARN_OBJC_IMPLICIT_RETAIN_SELF = YES;
				CLANG_WARN_OBJC_LITERAL_CONVERSION = YES;
				CLANG_WARN_OBJC_ROOT_CLASS = YES_ERROR;
				CLANG_WARN_QUOTED_INCLUDE_IN_FRAMEWORK_HEADER = YES;
				CLANG_WARN_RANGE_LOOP_ANALYSIS = YES;
				CLANG_WARN_STRICT_PROTOTYPES = YES;
				CLANG_WARN_SUSPICIOUS_MOVE = YES;
				CLANG_WARN_UNGUARDED_AVAILABILITY = YES_AGGRESSIVE;
				CLANG_WARN_UNREACHABLE_CODE = YES;
				CLANG_WARN__DUPLICATE_METHOD_MATCH = YES;
				COPY_PHASE_STRIP = NO;
				DEBUG_INFORMATION_FORMAT = dwarf;
				ENABLE_STRICT_OBJC_MSGSEND = YES;
				ENABLE_TESTABILITY = YES;
				GCC_C_LANGUAGE_STANDARD = gnu11;
				GCC_DYNAMIC_NO_PIC = NO;
				GCC_NO_COMMON_BLOCKS = YES;
				GCC_OPTIMIZATION_LEVEL = 0;
				GCC_PREPROCESSOR_DEFINITIONS = (
					"DEBUG=1",
					"$(inherited)",
				);
				GCC_WARN_64_TO_32_BIT_CONVERSION = YES;
				GCC_WARN_ABOUT_RETURN_TYPE = YES_ERROR;
				GCC_WARN_UNDECLARED_SELECTOR = YES;
				GCC_WARN_UNINITIALIZED_AUTOS = YES_AGGRESSIVE;
				GCC_WARN_UNUSED_FUNCTION = YES;
				GCC_WARN_UNUSED_VARIABLE = YES;
				IPHONEOS_DEPLOYMENT_TARGET = 15.4;
				MTL_ENABLE_DEBUG_INFO = INCLUDE_SOURCE;
				MTL_FAST_MATH = YES;
				ONLY_ACTIVE_ARCH = YES;
				SDKROOT = iphoneos;
				SWIFT_ACTIVE_COMPILATION_CONDITIONS = DEBUG;
				SWIFT_OPTIMIZATION_LEVEL = "-Onone";
			};
			name = Debug;
		};
		0B7277712858B06D004B43D3 /* Release */ = {
			isa = XCBuildConfiguration;
			buildSettings = {
				ALWAYS_SEARCH_USER_PATHS = NO;
				CLANG_ANALYZER_NONNULL = YES;
				CLANG_ANALYZER_NUMBER_OBJECT_CONVERSION = YES_AGGRESSIVE;
				CLANG_CXX_LANGUAGE_STANDARD = "gnu++17";
				CLANG_ENABLE_MODULES = YES;
				CLANG_ENABLE_OBJC_ARC = YES;
				CLANG_ENABLE_OBJC_WEAK = YES;
				CLANG_WARN_BLOCK_CAPTURE_AUTORELEASING = YES;
				CLANG_WARN_BOOL_CONVERSION = YES;
				CLANG_WARN_COMMA = YES;
				CLANG_WARN_CONSTANT_CONVERSION = YES;
				CLANG_WARN_DEPRECATED_OBJC_IMPLEMENTATIONS = YES;
				CLANG_WARN_DIRECT_OBJC_ISA_USAGE = YES_ERROR;
				CLANG_WARN_DOCUMENTATION_COMMENTS = YES;
				CLANG_WARN_EMPTY_BODY = YES;
				CLANG_WARN_ENUM_CONVERSION = YES;
				CLANG_WARN_INFINITE_RECURSION = YES;
				CLANG_WARN_INT_CONVERSION = YES;
				CLANG_WARN_NON_LITERAL_NULL_CONVERSION = YES;
				CLANG_WARN_OBJC_IMPLICIT_RETAIN_SELF = YES;
				CLANG_WARN_OBJC_LITERAL_CONVERSION = YES;
				CLANG_WARN_OBJC_ROOT_CLASS = YES_ERROR;
				CLANG_WARN_QUOTED_INCLUDE_IN_FRAMEWORK_HEADER = YES;
				CLANG_WARN_RANGE_LOOP_ANALYSIS = YES;
				CLANG_WARN_STRICT_PROTOTYPES = YES;
				CLANG_WARN_SUSPICIOUS_MOVE = YES;
				CLANG_WARN_UNGUARDED_AVAILABILITY = YES_AGGRESSIVE;
				CLANG_WARN_UNREACHABLE_CODE = YES;
				CLANG_WARN__DUPLICATE_METHOD_MATCH = YES;
				COPY_PHASE_STRIP = NO;
				DEBUG_INFORMATION_FORMAT = "dwarf-with-dsym";
				ENABLE_NS_ASSERTIONS = NO;
				ENABLE_STRICT_OBJC_MSGSEND = YES;
				GCC_C_LANGUAGE_STANDARD = gnu11;
				GCC_NO_COMMON_BLOCKS = YES;
				GCC_WARN_64_TO_32_BIT_CONVERSION = YES;
				GCC_WARN_ABOUT_RETURN_TYPE = YES_ERROR;
				GCC_WARN_UNDECLARED_SELECTOR = YES;
				GCC_WARN_UNINITIALIZED_AUTOS = YES_AGGRESSIVE;
				GCC_WARN_UNUSED_FUNCTION = YES;
				GCC_WARN_UNUSED_VARIABLE = YES;
				IPHONEOS_DEPLOYMENT_TARGET = 15.4;
				MTL_ENABLE_DEBUG_INFO = NO;
				MTL_FAST_MATH = YES;
				SDKROOT = iphoneos;
				SWIFT_COMPILATION_MODE = wholemodule;
				SWIFT_OPTIMIZATION_LEVEL = "-O";
				VALIDATE_PRODUCT = YES;
			};
			name = Release;
		};
		0B7277732858B06D004B43D3 /* Debug */ = {
			isa = XCBuildConfiguration;
			buildSettings = {
				ASSETCATALOG_COMPILER_APPICON_NAME = AppIcon;
				ASSETCATALOG_COMPILER_GLOBAL_ACCENT_COLOR_NAME = AccentColor;
				CODE_SIGN_STYLE = Automatic;
				CURRENT_PROJECT_VERSION = 1;
				DEVELOPMENT_TEAM = KDV83NBV8H;
				GENERATE_INFOPLIST_FILE = YES;
				INFOPLIST_FILE = MyTableViewController/Info.plist;
				INFOPLIST_KEY_UIApplicationSupportsIndirectInputEvents = YES;
				INFOPLIST_KEY_UILaunchStoryboardName = LaunchScreen;
				INFOPLIST_KEY_UIMainStoryboardFile = Main;
				INFOPLIST_KEY_UISupportedInterfaceOrientations_iPad = "UIInterfaceOrientationPortrait UIInterfaceOrientationPortraitUpsideDown UIInterfaceOrientationLandscapeLeft UIInterfaceOrientationLandscapeRight";
				INFOPLIST_KEY_UISupportedInterfaceOrientations_iPhone = "UIInterfaceOrientationPortrait UIInterfaceOrientationLandscapeLeft UIInterfaceOrientationLandscapeRight";
				LD_RUNPATH_SEARCH_PATHS = (
					"$(inherited)",
					"@executable_path/Frameworks",
				);
				MARKETING_VERSION = 1.0;
				PRODUCT_BUNDLE_IDENTIFIER = com.lais.MyTableViewController;
				PRODUCT_NAME = "$(TARGET_NAME)";
				SWIFT_EMIT_LOC_STRINGS = YES;
				SWIFT_VERSION = 5.0;
				TARGETED_DEVICE_FAMILY = "1,2";
			};
			name = Debug;
		};
		0B7277742858B06D004B43D3 /* Release */ = {
			isa = XCBuildConfiguration;
			buildSettings = {
				ASSETCATALOG_COMPILER_APPICON_NAME = AppIcon;
				ASSETCATALOG_COMPILER_GLOBAL_ACCENT_COLOR_NAME = AccentColor;
				CODE_SIGN_STYLE = Automatic;
				CURRENT_PROJECT_VERSION = 1;
				DEVELOPMENT_TEAM = KDV83NBV8H;
				GENERATE_INFOPLIST_FILE = YES;
				INFOPLIST_FILE = MyTableViewController/Info.plist;
				INFOPLIST_KEY_UIApplicationSupportsIndirectInputEvents = YES;
				INFOPLIST_KEY_UILaunchStoryboardName = LaunchScreen;
				INFOPLIST_KEY_UIMainStoryboardFile = Main;
				INFOPLIST_KEY_UISupportedInterfaceOrientations_iPad = "UIInterfaceOrientationPortrait UIInterfaceOrientationPortraitUpsideDown UIInterfaceOrientationLandscapeLeft UIInterfaceOrientationLandscapeRight";
				INFOPLIST_KEY_UISupportedInterfaceOrientations_iPhone = "UIInterfaceOrientationPortrait UIInterfaceOrientationLandscapeLeft UIInterfaceOrientationLandscapeRight";
				LD_RUNPATH_SEARCH_PATHS = (
					"$(inherited)",
					"@executable_path/Frameworks",
				);
				MARKETING_VERSION = 1.0;
				PRODUCT_BUNDLE_IDENTIFIER = com.lais.MyTableViewController;
				PRODUCT_NAME = "$(TARGET_NAME)";
				SWIFT_EMIT_LOC_STRINGS = YES;
				SWIFT_VERSION = 5.0;
				TARGETED_DEVICE_FAMILY = "1,2";
			};
			name = Release;
		};
/* End XCBuildConfiguration section */

/* Begin XCConfigurationList section */
		0B7277592858B06D004B43D3 /* Build configuration list for PBXProject "MyTableViewController" */ = {
			isa = XCConfigurationList;
			buildConfigurations = (
				0B7277702858B06D004B43D3 /* Debug */,
				0B7277712858B06D004B43D3 /* Release */,
			);
			defaultConfigurationIsVisible = 0;
			defaultConfigurationName = Release;
		};
		0B7277722858B06D004B43D3 /* Build configuration list for PBXNativeTarget "MyTableViewController" */ = {
			isa = XCConfigurationList;
			buildConfigurations = (
				0B7277732858B06D004B43D3 /* Debug */,
				0B7277742858B06D004B43D3 /* Release */,
			);
			defaultConfigurationIsVisible = 0;
			defaultConfigurationName = Release;
		};
/* End XCConfigurationList section */
	};
	rootObject = 0B7277562858B06D004B43D3 /* Project object */;
}
